
Microsoft Visual Studio Solution File, Format Version 12.00
# Visual Studio 15
VisualStudioVersion = 15.0.28307.1340
MinimumVisualStudioVersion = 10.0.40219.1
Project("{8BC9CEB8-8B4A-11D0-8D11-00A0C91BC942}") = "CPP_Reference", "CPP_Reference\CPP_Reference.vcxproj", "{FB021E51-7927-4A26-81AA-E199D6954C3F}"
EndProject
Global
	GlobalSection(SolutionConfigurationPlatforms) = preSolution
		Debug|x64 = Debug|x64
		Debug|x86 = Debug|x86
		Release|x64 = Release|x64
		Release|x86 = Release|x86
	EndGlobalSection
	GlobalSection(ProjectConfigurationPlatforms) = postSolution
		{FB021E51-7927-4A26-81AA-E199D6954C3F}.Debug|x64.ActiveCfg = Debug|x64
		{FB021E51-7927-4A26-81AA-E199D6954C3F}.Debug|x64.Build.0 = Debug|x64
		{FB021E51-7927-4A26-81AA-E199D6954C3F}.Debug|x86.ActiveCfg = Debug|Win32
		{FB021E51-7927-4A26-81AA-E199D6954C3F}.Debug|x86.Build.0 = Debug|Win32
		{FB021E51-7927-4A26-81AA-E199D6954C3F}.Release|x64.ActiveCfg = Release|x64
		{FB021E51-7927-4A26-81AA-E199D6954C3F}.Release|x64.Build.0 = Release|x64
		{FB021E51-7927-4A26-81AA-E199D6954C3F}.Release|x86.ActiveCfg = Release|Win32
		{FB021E51-7927-4A26-81AA-E199D6954C3F}.Release|x86.Build.0 = Release|Win32
	EndGlobalSection
	GlobalSection(SolutionProperties) = preSolution
		HideSolutionNode = FALSE
	EndGlobalSection
	GlobalSection(ExtensibilityGlobals) = postSolution
		SolutionGuid = {5BB2F442-56F0-4B2F-9CF1-0199B92985EA}
	EndGlobalSection
EndGlobal
