<?xml version="1.0" encoding="utf-8"?>
<Project ToolsVersion="4.0" xmlns="http://schemas.microsoft.com/developer/msbuild/2003">
  <ItemGroup>
    <Filter Include="Source Files">
      <UniqueIdentifier>{4FC737F1-C7A5-4376-A066-2A32D752A2FF}</UniqueIdentifier>
      <Extensions>cpp;c;cc;cxx;def;odl;idl;hpj;bat;asm;asmx</Extensions>
    </Filter>
    <Filter Include="Header Files">
      <UniqueIdentifier>{93995380-89BD-4b04-88EB-625FBE52EBFB}</UniqueIdentifier>
      <Extensions>h;hh;hpp;hxx;hm;inl;inc;ipp;xsd</Extensions>
    </Filter>
    <Filter Include="Resource Files">
      <UniqueIdentifier>{67DA6AB6-F800-4c08-8B7A-83BB121AAD01}</UniqueIdentifier>
      <Extensions>rc;ico;cur;bmp;dlg;rc2;rct;bin;rgs;gif;jpg;jpeg;jpe;resx;tiff;tif;png;wav;mfcribbon-ms</Extensions>
    </Filter>
    <Filter Include="Header Files\templates">
      <UniqueIdentifier>{82ebc124-9f0a-4f8d-96a2-682899c0fe4d}</UniqueIdentifier>
    </Filter>
    <Filter Include="Header Files\versions">
      <UniqueIdentifier>{5571467d-7101-4164-82ec-db98005be833}</UniqueIdentifier>
    </Filter>
    <Filter Include="Header Files\concurrency">
      <UniqueIdentifier>{e4f7da3e-8b62-400d-b298-3698391556a2}</UniqueIdentifier>
    </Filter>
    <Filter Include="Header Files\basic_concepts">
      <UniqueIdentifier>{5020b89d-3322-4e76-8471-1dc119446618}</UniqueIdentifier>
    </Filter>
    <Filter Include="Header Files\design_patterns">
      <UniqueIdentifier>{96d1d5c7-2221-4bbd-b2f1-710c475bbc16}</UniqueIdentifier>
    </Filter>
    <Filter Include="Header Files\design_patterns\decorator">
      <UniqueIdentifier>{33c1d074-c365-4594-8774-741712c60415}</UniqueIdentifier>
    </Filter>
    <Filter Include="Header Files\temp">
      <UniqueIdentifier>{a2d9c153-d759-4c98-997a-6f1518efeaab}</UniqueIdentifier>
    </Filter>
    <Filter Include="Header Files\design_patterns\SOLID">
      <UniqueIdentifier>{1cd0920f-cd97-4f3b-ab23-7fa2e5b705b9}</UniqueIdentifier>
    </Filter>
    <Filter Include="Header Files\versions\C++ 20">
      <UniqueIdentifier>{0c7fd7d1-2c40-4eb1-a676-f4251bb0ede3}</UniqueIdentifier>
    </Filter>
    <Filter Include="Header Files\data_structures">
      <UniqueIdentifier>{546703e6-c5cd-4786-84fa-3c18c4d496aa}</UniqueIdentifier>
    </Filter>
    <Filter Include="Header Files\Talks">
      <UniqueIdentifier>{39ded852-c2d0-4e77-aebd-0ddaa25b8a36}</UniqueIdentifier>
    </Filter>
    <Filter Include="Header Files\leetcode">
      <UniqueIdentifier>{7bed353e-60f0-4044-8c3c-3c5c0f79c710}</UniqueIdentifier>
    </Filter>
  </ItemGroup>
  <ItemGroup>
    <ClCompile Include="CPP_Reference.cpp">
      <Filter>Source Files</Filter>
    </ClCompile>
  </ItemGroup>
  <ItemGroup>
    <ClInclude Include="versions_CPP_11.h">
      <Filter>Header Files\versions</Filter>
    </ClInclude>
    <ClInclude Include="templates_basics.h">
      <Filter>Header Files\templates</Filter>
    </ClInclude>
    <ClInclude Include="basic_concepts_rValue.h">
      <Filter>Header Files\basic_concepts</Filter>
    </ClInclude>
    <ClInclude Include="dp_decorator_dynamic.h">
      <Filter>Header Files\design_patterns\decorator</Filter>
    </ClInclude>
    <ClInclude Include="dp_decorator_static.h">
      <Filter>Header Files\design_patterns\decorator</Filter>
    </ClInclude>
    <ClInclude Include="SFINAE.h">
      <Filter>Header Files\templates</Filter>
    </ClInclude>
    <ClInclude Include="CRTP.h">
      <Filter>Header Files\templates</Filter>
    </ClInclude>
    <ClInclude Include="testing.h">
      <Filter>Header Files\temp</Filter>
    </ClInclude>
    <ClInclude Include="dp_decorator_function.h">
      <Filter>Header Files\design_patterns\decorator</Filter>
    </ClInclude>
    <ClInclude Include="templates_specialization.h">
      <Filter>Header Files\templates</Filter>
    </ClInclude>
    <ClInclude Include="dp_SOLID_OCP.h">
      <Filter>Header Files\design_patterns\SOLID</Filter>
    </ClInclude>
    <ClInclude Include="versions_cpp_20.h">
      <Filter>Header Files\versions\C++ 20</Filter>
    </ClInclude>
    <ClInclude Include="ds_linked_list.h">
      <Filter>Header Files\data_structures</Filter>
    </ClInclude>
    <ClInclude Include="BackToBasics_Templates.h">
      <Filter>Header Files\Talks</Filter>
    </ClInclude>
    <ClInclude Include="217_Contains_Duplicate.h">
      <Filter>Header Files\leetcode</Filter>
    </ClInclude>
    <ClInclude Include="219_Contains_Duplicate_II.h">
      <Filter>Header Files\leetcode</Filter>
    </ClInclude>
  </ItemGroup>
</Project>